PODS:
  - SDWebImage (4.0.0):
    - SDWebImage/Core (= 4.0.0)
  - SDWebImage/Core (4.0.0)
  - SVProgressHUD (2.1.2)
  - YLGIFImage (0.11)

DEPENDENCIES:
  - SDWebImage
  - SVProgressHUD
  - YLGIFImage

SPEC CHECKSUMS:
  SDWebImage: 76a6348bdc74eb5a55dd08a091ef298e56b55e41
  SVProgressHUD: c404a55d78acbeb7ebb78b76d3faf986475a6994
  YLGIFImage: c0ae132fe80e5282b2762a97d14e23ba71a748ae

PODFILE CHECKSUM: e0b8be99d8b3f2c0d13ebb83715edca38fa19ca7

COCOAPODS: 1.2.0.beta.1
